// !$*UTF8*$!
{
	archiveVersion = 1;
	classes = {
	};
	objectVersion = 46;
	objects = {

/* Begin PBXBuildFile section */
		3DC51E681C140253003E0BB6 /* main.m in Sources */ = {isa = PBXBuildFile; fileRef = 3DC51E671C140253003E0BB6 /* main.m */; };
		3DC51E6B1C140253003E0BB6 /* AppDelegate.m in Sources */ = {isa = PBXBuildFile; fileRef = 3DC51E6A1C140253003E0BB6 /* AppDelegate.m */; };
		3DC51E6E1C140253003E0BB6 /* ViewController.m in Sources */ = {isa = PBXBuildFile; fileRef = 3DC51E6D1C140253003E0BB6 /* ViewController.m */; };
		3DC51E711C140253003E0BB6 /* Main.storyboard in Resources */ = {isa = PBXBuildFile; fileRef = 3DC51E6F1C140253003E0BB6 /* Main.storyboard */; };
		3DC51E731C140253003E0BB6 /* Images.xcassets in Resources */ = {isa = PBXBuildFile; fileRef = 3DC51E721C140253003E0BB6 /* Images.xcassets */; };
		3DC51E761C140253003E0BB6 /* LaunchScreen.xib in Resources */ = {isa = PBXBuildFile; fileRef = 3DC51E741C140253003E0BB6 /* LaunchScreen.xib */; };
		3DC51E821C140253003E0BB6 /* jkTests.m in Sources */ = {isa = PBXBuildFile; fileRef = 3DC51E811C140253003E0BB6 /* jkTests.m */; };
/* End PBXBuildFile section */

/* Begin PBXContainerItemProxy section */
		3DC51E7C1C140253003E0BB6 /* PBXContainerItemProxy */ = {
			isa = PBXContainerItemProxy;
			containerPortal = 3DC51E5A1C140253003E0BB6 /* Project object */;
			proxyType = 1;
			remoteGlobalIDString = 3DC51E611C140253003E0BB6;
			remoteInfo = jk;
		};
/* End PBXContainerItemProxy section */

/* Begin PBXFileReference section */
		3DC51E621C140253003E0BB6 /* jk.app */ = {isa = PBXFileReference; explicitFileType = wrapper.application; includeInIndex = 0; path = jk.app; sourceTree = BUILT_PRODUCTS_DIR; };
		3DC51E661C140253003E0BB6 /* Info.plist */ = {isa = PBXFileReference; lastKnownFileType = text.plist.xml; path = Info.plist; sourceTree = "<group>"; };
		3DC51E671C140253003E0BB6 /* main.m */ = {isa = PBXFileReference; lastKnownFileType = sourcecode.c.objc; path = main.m; sourceTree = "<group>"; };
		3DC51E691C140253003E0BB6 /* AppDelegate.h */ = {isa = PBXFileReference; lastKnownFileType = sourcecode.c.h; path = AppDelegate.h; sourceTree = "<group>"; };
		3DC51E6A1C140253003E0BB6 /* AppDelegate.m */ = {isa = PBXFileReference; lastKnownFileType = sourcecode.c.objc; path = AppDelegate.m; sourceTree = "<group>"; };
		3DC51E6C1C140253003E0BB6 /* ViewController.h */ = {isa = PBXFileReference; lastKnownFileType = sourcecode.c.h; path = ViewController.h; sourceTree = "<group>"; };
		3DC51E6D1C140253003E0BB6 /* ViewController.m */ = {isa = PBXFileReference; lastKnownFileType = sourcecode.c.objc; path = ViewController.m; sourceTree = "<group>"; };
		3DC51E701C140253003E0BB6 /* Base */ = {isa = PBXFileReference; lastKnownFileType = file.storyboard; name = Base; path = Base.lproj/Main.storyboard; sourceTree = "<group>"; };
		3DC51E721C140253003E0BB6 /* Images.xcassets */ = {isa = PBXFileReference; lastKnownFileType = folder.assetcatalog; path = Images.xcassets; sourceTree = "<group>"; };
		3DC51E751C140253003E0BB6 /* Base */ = {isa = PBXFileReference; lastKnownFileType = file.xib; name = Base; path = Base.lproj/LaunchScreen.xib; sourceTree = "<group>"; };
		3DC51E7B1C140253003E0BB6 /* jkTests.xctest */ = {isa = PBXFileReference; explicitFileType = wrapper.cfbundle; includeInIndex = 0; path = jkTests.xctest; sourceTree = BUILT_PRODUCTS_DIR; };
		3DC51E801C140253003E0BB6 /* Info.plist */ = {isa = PBXFileReference; lastKnownFileType = text.plist.xml; path = Info.plist; sourceTree = "<group>"; };
		3DC51E811C140253003E0BB6 /* jkTests.m */ = {isa = PBXFileReference; lastKnownFileType = sourcecode.c.objc; path = jkTests.m; sourceTree = "<group>"; };
/* End PBXFileReference section */

/* Begin PBXFrameworksBuildPhase section */
		3DC51E5F1C140253003E0BB6 /* Frameworks */ = {
			isa = PBXFrameworksBuildPhase;
			buildActionMask = 2147483647;
			files = (
			);
			runOnlyForDeploymentPostprocessing = 0;
		};
		3DC51E781C140253003E0BB6 /* Frameworks */ = {
			isa = PBXFrameworksBuildPhase;
			buildActionMask = 2147483647;
			files = (
			);
			runOnlyForDeploymentPostprocessing = 0;
		};
/* End PBXFrameworksBuildPhase section */

/* Begin PBXGroup section */
		3DC51E591C140253003E0BB6 = {
			isa = PBXGroup;
			children = (
				3DC51E641C140253003E0BB6 /* jk */,
				3DC51E7E1C140253003E0BB6 /* jkTests */,
				3DC51E631C140253003E0BB6 /* Products */,
			);
			sourceTree = "<group>";
		};
		3DC51E631C140253003E0BB6 /* Products */ = {
			isa = PBXGroup;
			children = (
				3DC51E621C140253003E0BB6 /* jk.app */,
				3DC51E7B1C140253003E0BB6 /* jkTests.xctest */,
			);
			name = Products;
			sourceTree = "<group>";
		};
		3DC51E641C140253003E0BB6 /* jk */ = {
			isa = PBXGroup;
			children = (
				3DC51E691C140253003E0BB6 /* AppDelegate.h */,
				3DC51E6A1C140253003E0BB6 /* AppDelegate.m */,
				3DC51E6C1C140253003E0BB6 /* ViewController.h */,
				3DC51E6D1C140253003E0BB6 /* ViewController.m */,
				3DC51E6F1C140253003E0BB6 /* Main.storyboard */,
				3DC51E721C140253003E0BB6 /* Images.xcassets */,
				3DC51E741C140253003E0BB6 /* LaunchScreen.xib */,
				3DC51E651C140253003E0BB6 /* Supporting Files */,
			);
			path = jk;
			sourceTree = "<group>";
		};
		3DC51E651C140253003E0BB6 /* Supporting Files */ = {
			isa = PBXGroup;
			children = (
				3DC51E661C140253003E0BB6 /* Info.plist */,
				3DC51E671C140253003E0BB6 /* main.m */,
			);
			name = "Supporting Files";
			sourceTree = "<group>";
		};
		3DC51E7E1C140253003E0BB6 /* jkTests */ = {
			isa = PBXGroup;
			children = (
				3DC51E811C140253003E0BB6 /* jkTests.m */,
				3DC51E7F1C140253003E0BB6 /* Supporting Files */,
			);
			path = jkTests;
			sourceTree = "<group>";
		};
		3DC51E7F1C140253003E0BB6 /* Supporting Files */ = {
			isa = PBXGroup;
			children = (
				3DC51E801C140253003E0BB6 /* Info.plist */,
			);
			name = "Supporting Files";
			sourceTree = "<group>";
		};
/* End PBXGroup section */

/* Begin PBXNativeTarget section */
		3DC51E611C140253003E0BB6 /* jk */ = {
			isa = PBXNativeTarget;
			buildConfigurationList = 3DC51E851C140253003E0BB6 /* Build configuration list for PBXNativeTarget "jk" */;
			buildPhases = (
				3DC51E5E1C140253003E0BB6 /* Sources */,
				3DC51E5F1C140253003E0BB6 /* Frameworks */,
				3DC51E601C140253003E0BB6 /* Resources */,
			);
			buildRules = (
			);
			dependencies = (
			);
			name = jk;
			productName = jk;
			productReference = 3DC51E621C140253003E0BB6 /* jk.app */;
			productType = "com.apple.product-type.application";
		};
		3DC51E7A1C140253003E0BB6 /* jkTests */ = {
			isa = PBXNativeTarget;
			buildConfigurationList = 3DC51E881C140253003E0BB6 /* Build configuration list for PBXNativeTarget "jkTests" */;
			buildPhases = (
				3DC51E771C140253003E0BB6 /* Sources */,
				3DC51E781C140253003E0BB6 /* Frameworks */,
				3DC51E791C140253003E0BB6 /* Resources */,
			);
			buildRules = (
			);
			dependencies = (
				3DC51E7D1C140253003E0BB6 /* PBXTargetDependency */,
			);
			name = jkTests;
			productName = jkTests;
			productReference = 3DC51E7B1C140253003E0BB6 /* jkTests.xctest */;
			productType = "com.apple.product-type.bundle.unit-test";
		};
/* End PBXNativeTarget section */

/* Begin PBXProject section */
		3DC51E5A1C140253003E0BB6 /* Project object */ = {
			isa = PBXProject;
			attributes = {
				LastUpgradeCheck = 0640;
				ORGANIZATIONNAME = hlzx;
				TargetAttributes = {
					3DC51E611C140253003E0BB6 = {
						CreatedOnToolsVersion = 6.4;
					};
					3DC51E7A1C140253003E0BB6 = {
						CreatedOnToolsVersion = 6.4;
						TestTargetID = 3DC51E611C140253003E0BB6;
					};
				};
			};
			buildConfigurationList = 3DC51E5D1C140253003E0BB6 /* Build configuration list for PBXProject "jk" */;
			compatibilityVersion = "Xcode 3.2";
			developmentRegion = English;
			hasScannedForEncodings = 0;
			knownRegions = (
				en,
				Base,
			);
			mainGroup = 3DC51E591C140253003E0BB6;
			productRefGroup = 3DC51E631C140253003E0BB6 /* Products */;
			projectDirPath = "";
			projectRoot = "";
			targets = (
				3DC51E611C140253003E0BB6 /* jk */,
				3DC51E7A1C140253003E0BB6 /* jkTests */,
			);
		};
/* End PBXProject section */

/* Begin PBXResourcesBuildPhase section */
		3DC51E601C140253003E0BB6 /* Resources */ = {
			isa = PBXResourcesBuildPhase;
			buildActionMask = 2147483647;
			files = (
				3DC51E711C140253003E0BB6 /* Main.storyboard in Resources */,
				3DC51E761C140253003E0BB6 /* LaunchScreen.xib in Resources */,
				3DC51E731C140253003E0BB6 /* Images.xcassets in Resources */,
			);
			runOnlyForDeploymentPostprocessing = 0;
		};
		3DC51E791C140253003E0BB6 /* Resources */ = {
			isa = PBXResourcesBuildPhase;
			buildActionMask = 2147483647;
			files = (
			);
			runOnlyForDeploymentPostprocessing = 0;
		};
/* End PBXResourcesBuildPhase section */

/* Begin PBXSourcesBuildPhase section */
		3DC51E5E1C140253003E0BB6 /* Sources */ = {
			isa = PBXSourcesBuildPhase;
			buildActionMask = 2147483647;
			files = (
				3DC51E6E1C140253003E0BB6 /* ViewController.m in Sources */,
				3DC51E6B1C140253003E0BB6 /* AppDelegate.m in Sources */,
				3DC51E681C140253003E0BB6 /* main.m in Sources */,
			);
			runOnlyForDeploymentPostprocessing = 0;
		};
		3DC51E771C140253003E0BB6 /* Sources */ = {
			isa = PBXSourcesBuildPhase;
			buildActionMask = 2147483647;
			files = (
				3DC51E821C140253003E0BB6 /* jkTests.m in Sources */,
			);
			runOnlyForDeploymentPostprocessing = 0;
		};
/* End PBXSourcesBuildPhase section */

/* Begin PBXTargetDependency section */
		3DC51E7D1C140253003E0BB6 /* PBXTargetDependency */ = {
			isa = PBXTargetDependency;
			target = 3DC51E611C140253003E0BB6 /* jk */;
			targetProxy = 3DC51E7C1C140253003E0BB6 /* PBXContainerItemProxy */;
		};
/* End PBXTargetDependency section */

/* Begin PBXVariantGroup section */
		3DC51E6F1C140253003E0BB6 /* Main.storyboard */ = {
			isa = PBXVariantGroup;
			children = (
				3DC51E701C140253003E0BB6 /* Base */,
			);
			name = Main.storyboard;
			sourceTree = "<group>";
		};
		3DC51E741C140253003E0BB6 /* LaunchScreen.xib */ = {
			isa = PBXVariantGroup;
			children = (
				3DC51E751C140253003E0BB6 /* Base */,
			);
			name = LaunchScreen.xib;
			sourceTree = "<group>";
		};
/* End PBXVariantGroup section */

/* Begin XCBuildConfiguration section */
		3DC51E831C140253003E0BB6 /* Debug */ = {
			isa = XCBuildConfiguration;
			buildSettings = {
				ALWAYS_SEARCH_USER_PATHS = NO;
				CLANG_CXX_LANGUAGE_STANDARD = "gnu++0x";
				CLANG_CXX_LIBRARY = "libc++";
				CLANG_ENABLE_MODULES = YES;
				CLANG_ENABLE_OBJC_ARC = YES;
				CLANG_WARN_BOOL_CONVERSION = YES;
				CLANG_WARN_CONSTANT_CONVERSION = YES;
				CLANG_WARN_DIRECT_OBJC_ISA_USAGE = YES_ERROR;
				CLANG_WARN_EMPTY_BODY = YES;
				CLANG_WARN_ENUM_CONVERSION = YES;
				CLANG_WARN_INT_CONVERSION = YES;
				CLANG_WARN_OBJC_ROOT_CLASS = YES_ERROR;
				CLANG_WARN_UNREACHABLE_CODE = YES;
				CLANG_WARN__DUPLICATE_METHOD_MATCH = YES;
				"CODE_SIGN_IDENTITY[sdk=iphoneos*]" = "iPhone Developer";
				COPY_PHASE_STRIP = NO;
				DEBUG_INFORMATION_FORMAT = "dwarf-with-dsym";
				ENABLE_STRICT_OBJC_MSGSEND = YES;
				GCC_C_LANGUAGE_STANDARD = gnu99;
				GCC_DYNAMIC_NO_PIC = NO;
				GCC_NO_COMMON_BLOCKS = YES;
				GCC_OPTIMIZATION_LEVEL = 0;
				GCC_PREPROCESSOR_DEFINITIONS = (
					"DEBUG=1",
					"$(inherited)",
				);
				GCC_SYMBOLS_PRIVATE_EXTERN = NO;
				GCC_WARN_64_TO_32_BIT_CONVERSION = YES;
				GCC_WARN_ABOUT_RETURN_TYPE = YES_ERROR;
				GCC_WARN_UNDECLARED_SELECTOR = YES;
				GCC_WARN_UNINITIALIZED_AUTOS = YES_AGGRESSIVE;
				GCC_WARN_UNUSED_FUNCTION = YES;
				GCC_WARN_UNUSED_VARIABLE = YES;
				IPHONEOS_DEPLOYMENT_TARGET = 8.4;
				MTL_ENABLE_DEBUG_INFO = YES;
				ONLY_ACTIVE_ARCH = YES;
				SDKROOT = iphoneos;
			};
			name = Debug;
		};
		3DC51E841C140253003E0BB6 /* Release */ = {
			isa = XCBuildConfiguration;
			buildSettings = {
				ALWAYS_SEARCH_USER_PATHS = NO;
				CLANG_CXX_LANGUAGE_STANDARD = "gnu++0x";
				CLANG_CXX_LIBRARY = "libc++";
				CLANG_ENABLE_MODULES = YES;
				CLANG_ENABLE_OBJC_ARC = YES;
				CLANG_WARN_BOOL_CONVERSION = YES;
				CLANG_WARN_CONSTANT_CONVERSION = YES;
				CLANG_WARN_DIRECT_OBJC_ISA_USAGE = YES_ERROR;
				CLANG_WARN_EMPTY_BODY = YES;
				CLANG_WARN_ENUM_CONVERSION = YES;
				CLANG_WARN_INT_CONVERSION = YES;
				CLANG_WARN_OBJC_ROOT_CLASS = YES_ERROR;
				CLANG_WARN_UNREACHABLE_CODE = YES;
				CLANG_WARN__DUPLICATE_METHOD_MATCH = YES;
				"CODE_SIGN_IDENTITY[sdk=iphoneos*]" = "iPhone Developer";
				COPY_PHASE_STRIP = NO;
				DEBUG_INFORMATION_FORMAT = "dwarf-with-dsym";
				ENABLE_NS_ASSERTIONS = NO;
				ENABLE_STRICT_OBJC_MSGSEND = YES;
				GCC_C_LANGUAGE_STANDARD = gnu99;
				GCC_NO_COMMON_BLOCKS = YES;
				GCC_WARN_64_TO_32_BIT_CONVERSION = YES;
				GCC_WARN_ABOUT_RETURN_TYPE = YES_ERROR;
				GCC_WARN_UNDECLARED_SELECTOR = YES;
				GCC_WARN_UNINITIALIZED_AUTOS = YES_AGGRESSIVE;
				GCC_WARN_UNUSED_FUNCTION = YES;
				GCC_WARN_UNUSED_VARIABLE = YES;
				IPHONEOS_DEPLOYMENT_TARGET = 8.4;
				MTL_ENABLE_DEBUG_INFO = NO;
				SDKROOT = iphoneos;
				VALIDATE_PRODUCT = YES;
			};
			name = Release;
		};
		3DC51E861C140253003E0BB6 /* Debug */ = {
			isa = XCBuildConfiguration;
			buildSettings = {
				ASSETCATALOG_COMPILER_APPICON_NAME = AppIcon;
				INFOPLIST_FILE = jk/Info.plist;
				LD_RUNPATH_SEARCH_PATHS = "$(inherited) @executable_path/Frameworks";
				PRODUCT_NAME = "$(TARGET_NAME)";
			};
			name = Debug;
		};
		3DC51E871C140253003E0BB6 /* Release */ = {
			isa = XCBuildConfiguration;
			buildSettings = {
				ASSETCATALOG_COMPILER_APPICON_NAME = AppIcon;
				INFOPLIST_FILE = jk/Info.plist;
				LD_RUNPATH_SEARCH_PATHS = "$(inherited) @executable_path/Frameworks";
				PRODUCT_NAME = "$(TARGET_NAME)";
			};
			name = Release;
		};
		3DC51E891C140253003E0BB6 /* Debug */ = {
			isa = XCBuildConfiguration;
			buildSettings = {
				BUNDLE_LOADER = "$(TEST_HOST)";
				FRAMEWORK_SEARCH_PATHS = (
					"$(SDKROOT)/Developer/Library/Frameworks",
					"$(inherited)",
				);
				GCC_PREPROCESSOR_DEFINITIONS = (
					"DEBUG=1",
					"$(inherited)",
				);
				INFOPLIST_FILE = jkTests/Info.plist;
				LD_RUNPATH_SEARCH_PATHS = "$(inherited) @executable_path/Frameworks @loader_path/Frameworks";
				PRODUCT_NAME = "$(TARGET_NAME)";
				TEST_HOST = "$(BUILT_PRODUCTS_DIR)/jk.app/jk";
			};
			name = Debug;
		};
		3DC51E8A1C140253003E0BB6 /* Release */ = {
			isa = XCBuildConfiguration;
			buildSettings = {
				BUNDLE_LOADER = "$(TEST_HOST)";
				FRAMEWORK_SEARCH_PATHS = (
					"$(SDKROOT)/Developer/Library/Frameworks",
					"$(inherited)",
				);
				INFOPLIST_FILE = jkTests/Info.plist;
				LD_RUNPATH_SEARCH_PATHS = "$(inherited) @executable_path/Frameworks @loader_path/Frameworks";
				PRODUCT_NAME = "$(TARGET_NAME)";
				TEST_HOST = "$(BUILT_PRODUCTS_DIR)/jk.app/jk";
			};
			name = Release;
		};
/* End XCBuildConfiguration section */

/* Begin XCConfigurationList section */
		3DC51E5D1C140253003E0BB6 /* Build configuration list for PBXProject "jk" */ = {
			isa = XCConfigurationList;
			buildConfigurations = (
				3DC51E831C140253003E0BB6 /* Debug */,
				3DC51E841C140253003E0BB6 /* Release */,
			);
			defaultConfigurationIsVisible = 0;
			defaultConfigurationName = Release;
		};
		3DC51E851C140253003E0BB6 /* Build configuration list for PBXNativeTarget "jk" */ = {
			isa = XCConfigurationList;
			buildConfigurations = (
				3DC51E861C140253003E0BB6 /* Debug */,
				3DC51E871C140253003E0BB6 /* Release */,
			);
			defaultConfigurationIsVisible = 0;
		};
		3DC51E881C140253003E0BB6 /* Build configuration list for PBXNativeTarget "jkTests" */ = {
			isa = XCConfigurationList;
			buildConfigurations = (
				3DC51E891C140253003E0BB6 /* Debug */,
				3DC51E8A1C140253003E0BB6 /* Release */,
			);
			defaultConfigurationIsVisible = 0;
		};
/* End XCConfigurationList section */
	};
	rootObject = 3DC51E5A1C140253003E0BB6 /* Project object */;
}
